
Microsoft Visual Studio Solution File, Format Version 12.00
# Visual Studio Version 17
VisualStudioVersion = 17.8.34408.163
MinimumVisualStudioVersion = 10.0.40219.1
Project("{9A19103F-16F7-4668-BE54-9A1E7A4F7556}") = "DungeonGame.UI", "DungeonGame\DungeonGame.UI.csproj", "{33B74864-B242-45D5-8BF8-9C84B6817AFB}"
EndProject
Project("{9A19103F-16F7-4668-BE54-9A1E7A4F7556}") = "DungeonGame.Tests", "DungeonGame.Tests\DungeonGame.Tests.csproj", "{E8B19304-F58C-4293-BA9F-EEC43D06ADFB}"
EndProject
Project("{9A19103F-16F7-4668-BE54-9A1E7A4F7556}") = "DungeonGame.Core", "DungeonGame.Core\DungeonGame.Core.csproj", "{BB895E2A-0944-4E21-AEBA-B9328A1C96C9}"
EndProject
Project("{9A19103F-16F7-4668-BE54-9A1E7A4F7556}") = "DungeonGame.WebAPI", "DungeonGame.WebAPI\DungeonGame.WebAPI.csproj", "{EAAEB187-BE73-44BB-82A9-DAE17515E3EA}"
EndProject
Project("{2150E333-8FDC-42A3-9474-1A3956D46DE8}") = "Solution Items", "Solution Items", "{018E9E93-13E2-4076-8361-D1F1F16B0F3D}"
	ProjectSection(SolutionItems) = preProject
		DungeonGame.Core\Leaderboard\Leaderboard.csv = DungeonGame.Core\Leaderboard\Leaderboard.csv
	EndProjectSection
EndProject
Global
	GlobalSection(SolutionConfigurationPlatforms) = preSolution
		Debug|Any CPU = Debug|Any CPU
		Release|Any CPU = Release|Any CPU
	EndGlobalSection
	GlobalSection(ProjectConfigurationPlatforms) = postSolution
		{33B74864-B242-45D5-8BF8-9C84B6817AFB}.Debug|Any CPU.ActiveCfg = Debug|Any CPU
		{33B74864-B242-45D5-8BF8-9C84B6817AFB}.Debug|Any CPU.Build.0 = Debug|Any CPU
		{33B74864-B242-45D5-8BF8-9C84B6817AFB}.Release|Any CPU.ActiveCfg = Release|Any CPU
		{33B74864-B242-45D5-8BF8-9C84B6817AFB}.Release|Any CPU.Build.0 = Release|Any CPU
		{E8B19304-F58C-4293-BA9F-EEC43D06ADFB}.Debug|Any CPU.ActiveCfg = Debug|Any CPU
		{E8B19304-F58C-4293-BA9F-EEC43D06ADFB}.Debug|Any CPU.Build.0 = Debug|Any CPU
		{E8B19304-F58C-4293-BA9F-EEC43D06ADFB}.Release|Any CPU.ActiveCfg = Release|Any CPU
		{E8B19304-F58C-4293-BA9F-EEC43D06ADFB}.Release|Any CPU.Build.0 = Release|Any CPU
		{BB895E2A-0944-4E21-AEBA-B9328A1C96C9}.Debug|Any CPU.ActiveCfg = Debug|Any CPU
		{BB895E2A-0944-4E21-AEBA-B9328A1C96C9}.Debug|Any CPU.Build.0 = Debug|Any CPU
		{BB895E2A-0944-4E21-AEBA-B9328A1C96C9}.Release|Any CPU.ActiveCfg = Release|Any CPU
		{BB895E2A-0944-4E21-AEBA-B9328A1C96C9}.Release|Any CPU.Build.0 = Release|Any CPU
		{EAAEB187-BE73-44BB-82A9-DAE17515E3EA}.Debug|Any CPU.ActiveCfg = Debug|Any CPU
		{EAAEB187-BE73-44BB-82A9-DAE17515E3EA}.Debug|Any CPU.Build.0 = Debug|Any CPU
		{EAAEB187-BE73-44BB-82A9-DAE17515E3EA}.Release|Any CPU.ActiveCfg = Release|Any CPU
		{EAAEB187-BE73-44BB-82A9-DAE17515E3EA}.Release|Any CPU.Build.0 = Release|Any CPU
	EndGlobalSection
	GlobalSection(SolutionProperties) = preSolution
		HideSolutionNode = FALSE
	EndGlobalSection
	GlobalSection(ExtensibilityGlobals) = postSolution
		SolutionGuid = {6655A084-5F4F-485F-A753-0E238AFB98B1}
	EndGlobalSection
EndGlobal
